// !$*UTF8*$!
{
	archiveVersion = 1;
	classes = {
	};
	objectVersion = 48;
	objects = {

/* Begin PBXBuildFile section */
		44254E4D2044C30A005B45BC /* AppDelegate.swift in Sources */ = {isa = PBXBuildFile; fileRef = 44254E4C2044C30A005B45BC /* AppDelegate.swift */; };
		44254E522044C30A005B45BC /* Main.storyboard in Resources */ = {isa = PBXBuildFile; fileRef = 44254E502044C30A005B45BC /* Main.storyboard */; };
		44254E542044C30A005B45BC /* Assets.xcassets in Resources */ = {isa = PBXBuildFile; fileRef = 44254E532044C30A005B45BC /* Assets.xcassets */; };
		44254E572044C30A005B45BC /* LaunchScreen.storyboard in Resources */ = {isa = PBXBuildFile; fileRef = 44254E552044C30A005B45BC /* LaunchScreen.storyboard */; };
		44254E5F2044C31D005B45BC /* Recipe.swift in Sources */ = {isa = PBXBuildFile; fileRef = 44254E5E2044C31D005B45BC /* Recipe.swift */; };
		44254E622044C7DC005B45BC /* SearchRecipesTableViewController.swift in Sources */ = {isa = PBXBuildFile; fileRef = 44254E612044C7DC005B45BC /* SearchRecipesTableViewController.swift */; };
		44254E642044C811005B45BC /* RecipeViewController.swift in Sources */ = {isa = PBXBuildFile; fileRef = 44254E632044C811005B45BC /* RecipeViewController.swift */; };
		44254E682044C8FF005B45BC /* RecipeController.swift in Sources */ = {isa = PBXBuildFile; fileRef = 44254E672044C8FF005B45BC /* RecipeController.swift */; };
		44254E6C2044CB25005B45BC /* RecipeTableViewCell.swift in Sources */ = {isa = PBXBuildFile; fileRef = 44254E6B2044CB25005B45BC /* RecipeTableViewCell.swift */; };
		442CA0B120466A9A00823035 /* WebViewController.swift in Sources */ = {isa = PBXBuildFile; fileRef = 442CA0B020466A9A00823035 /* WebViewController.swift */; };
		442CA0B42047236100823035 /* AddRecipeListTableViewController.swift in Sources */ = {isa = PBXBuildFile; fileRef = 442CA0B32047236100823035 /* AddRecipeListTableViewController.swift */; };
		442CA0BC20472F7100823035 /* RecipeIdeas.xcdatamodeld in Sources */ = {isa = PBXBuildFile; fileRef = 442CA0BA20472F7100823035 /* RecipeIdeas.xcdatamodeld */; };
		4440FC6B20485E2A006EBF74 /*  ShiftableViewController.swift in Sources */ = {isa = PBXBuildFile; fileRef = 4440FC6A20485E2A006EBF74 /*  ShiftableViewController.swift */; };
		449D4FEC2047492400F72651 /* AddRecipeListTVC+Extensions.swift in Sources */ = {isa = PBXBuildFile; fileRef = 449D4FEB2047492400F72651 /* AddRecipeListTVC+Extensions.swift */; };
		449D4FEE20474AD500F72651 /* AddRecipeDetailViewController.swift in Sources */ = {isa = PBXBuildFile; fileRef = 449D4FED20474AD500F72651 /* AddRecipeDetailViewController.swift */; };
		44C4AD3C204737A500752CFF /* CoreDataStack.swift in Sources */ = {isa = PBXBuildFile; fileRef = 44C4AD3B204737A500752CFF /* CoreDataStack.swift */; };
		44C4AD3E2047382900752CFF /* Extensions+Convenience.swift in Sources */ = {isa = PBXBuildFile; fileRef = 44C4AD3D2047382900752CFF /* Extensions+Convenience.swift */; };
		44C4AD4020473A2100752CFF /* AddRecipeController.swift in Sources */ = {isa = PBXBuildFile; fileRef = 44C4AD3F20473A2100752CFF /* AddRecipeController.swift */; };
/* End PBXBuildFile section */

/* Begin PBXFileReference section */
		44254E492044C30A005B45BC /* RecipeIdeas.app */ = {isa = PBXFileReference; explicitFileType = wrapper.application; includeInIndex = 0; path = RecipeIdeas.app; sourceTree = BUILT_PRODUCTS_DIR; };
		44254E4C2044C30A005B45BC /* AppDelegate.swift */ = {isa = PBXFileReference; lastKnownFileType = sourcecode.swift; path = AppDelegate.swift; sourceTree = "<group>"; };
		44254E512044C30A005B45BC /* Base */ = {isa = PBXFileReference; lastKnownFileType = file.storyboard; name = Base; path = Base.lproj/Main.storyboard; sourceTree = "<group>"; };
		44254E532044C30A005B45BC /* Assets.xcassets */ = {isa = PBXFileReference; lastKnownFileType = folder.assetcatalog; path = Assets.xcassets; sourceTree = "<group>"; };
		44254E562044C30A005B45BC /* Base */ = {isa = PBXFileReference; lastKnownFileType = file.storyboard; name = Base; path = Base.lproj/LaunchScreen.storyboard; sourceTree = "<group>"; };
		44254E582044C30A005B45BC /* Info.plist */ = {isa = PBXFileReference; lastKnownFileType = text.plist.xml; path = Info.plist; sourceTree = "<group>"; };
		44254E5E2044C31D005B45BC /* Recipe.swift */ = {isa = PBXFileReference; lastKnownFileType = sourcecode.swift; path = Recipe.swift; sourceTree = "<group>"; };
		44254E612044C7DC005B45BC /* SearchRecipesTableViewController.swift */ = {isa = PBXFileReference; lastKnownFileType = sourcecode.swift; path = SearchRecipesTableViewController.swift; sourceTree = "<group>"; };
		44254E632044C811005B45BC /* RecipeViewController.swift */ = {isa = PBXFileReference; lastKnownFileType = sourcecode.swift; path = RecipeViewController.swift; sourceTree = "<group>"; };
		44254E672044C8FF005B45BC /* RecipeController.swift */ = {isa = PBXFileReference; lastKnownFileType = sourcecode.swift; path = RecipeController.swift; sourceTree = "<group>"; };
		44254E6B2044CB25005B45BC /* RecipeTableViewCell.swift */ = {isa = PBXFileReference; lastKnownFileType = sourcecode.swift; path = RecipeTableViewCell.swift; sourceTree = "<group>"; };
		442CA0B020466A9A00823035 /* WebViewController.swift */ = {isa = PBXFileReference; lastKnownFileType = sourcecode.swift; path = WebViewController.swift; sourceTree = "<group>"; };
		442CA0B32047236100823035 /* AddRecipeListTableViewController.swift */ = {isa = PBXFileReference; lastKnownFileType = sourcecode.swift; path = AddRecipeListTableViewController.swift; sourceTree = "<group>"; };
		442CA0BB20472F7100823035 /* RecipeIdeas.xcdatamodel */ = {isa = PBXFileReference; lastKnownFileType = wrapper.xcdatamodel; path = RecipeIdeas.xcdatamodel; sourceTree = "<group>"; };
		4440FC6A20485E2A006EBF74 /*  ShiftableViewController.swift */ = {isa = PBXFileReference; lastKnownFileType = sourcecode.swift; path = " ShiftableViewController.swift"; sourceTree = "<group>"; };
		449D4FEB2047492400F72651 /* AddRecipeListTVC+Extensions.swift */ = {isa = PBXFileReference; lastKnownFileType = sourcecode.swift; path = "AddRecipeListTVC+Extensions.swift"; sourceTree = "<group>"; };
		449D4FED20474AD500F72651 /* AddRecipeDetailViewController.swift */ = {isa = PBXFileReference; lastKnownFileType = sourcecode.swift; path = AddRecipeDetailViewController.swift; sourceTree = "<group>"; };
		44C4AD3B204737A500752CFF /* CoreDataStack.swift */ = {isa = PBXFileReference; lastKnownFileType = sourcecode.swift; path = CoreDataStack.swift; sourceTree = "<group>"; };
		44C4AD3D2047382900752CFF /* Extensions+Convenience.swift */ = {isa = PBXFileReference; lastKnownFileType = sourcecode.swift; path = "Extensions+Convenience.swift"; sourceTree = "<group>"; };
		44C4AD3F20473A2100752CFF /* AddRecipeController.swift */ = {isa = PBXFileReference; lastKnownFileType = sourcecode.swift; path = AddRecipeController.swift; sourceTree = "<group>"; };
/* End PBXFileReference section */

/* Begin PBXFrameworksBuildPhase section */
		44254E462044C30A005B45BC /* Frameworks */ = {
			isa = PBXFrameworksBuildPhase;
			buildActionMask = 2147483647;
			files = (
			);
			runOnlyForDeploymentPostprocessing = 0;
		};
/* End PBXFrameworksBuildPhase section */

/* Begin PBXGroup section */
		44254E402044C30A005B45BC = {
			isa = PBXGroup;
			children = (
				44254E4B2044C30A005B45BC /* RecipeIdeas */,
				44254E4A2044C30A005B45BC /* Products */,
			);
			sourceTree = "<group>";
		};
		44254E4A2044C30A005B45BC /* Products */ = {
			isa = PBXGroup;
			children = (
				44254E492044C30A005B45BC /* RecipeIdeas.app */,
			);
			name = Products;
			sourceTree = "<group>";
		};
		44254E4B2044C30A005B45BC /* RecipeIdeas */ = {
			isa = PBXGroup;
			children = (
				44254E4C2044C30A005B45BC /* AppDelegate.swift */,
				44254E502044C30A005B45BC /* Main.storyboard */,
				44254E662044C8D5005B45BC /* ModelControllers */,
				44254E602044C7A7005B45BC /* Models */,
				44254E652044C8C0005B45BC /* ViewControllers */,
				44254E6D2044CB2C005B45BC /* Views */,
				44254E6E2044CB4E005B45BC /* Resources */,
			);
			path = RecipeIdeas;
			sourceTree = "<group>";
		};
		44254E602044C7A7005B45BC /* Models */ = {
			isa = PBXGroup;
			children = (
				442CA0B920472DDA00823035 /* AddRecipeModel */,
				442CA0B820472DC400823035 /* RecipeAPIModel */,
			);
			path = Models;
			sourceTree = "<group>";
		};
		44254E652044C8C0005B45BC /* ViewControllers */ = {
			isa = PBXGroup;
			children = (
				44837DE8204862C10075EF62 /* HelperViewControllers */,
				442CA0B22047233B00823035 /* AddRecipes */,
				442CA0B520472C6A00823035 /* RecipeAPIViewControllers */,
			);
			path = ViewControllers;
			sourceTree = "<group>";
		};
		44254E662044C8D5005B45BC /* ModelControllers */ = {
			isa = PBXGroup;
			children = (
				442CA0B720472DAB00823035 /* AddRecipeModelController */,
				442CA0B620472D8100823035 /* RecipeAPIModelController */,
			);
			path = ModelControllers;
			sourceTree = "<group>";
		};
		44254E6D2044CB2C005B45BC /* Views */ = {
			isa = PBXGroup;
			children = (
				44254E6B2044CB25005B45BC /* RecipeTableViewCell.swift */,
			);
			path = Views;
			sourceTree = "<group>";
		};
		44254E6E2044CB4E005B45BC /* Resources */ = {
			isa = PBXGroup;
			children = (
				44254E532044C30A005B45BC /* Assets.xcassets */,
				44254E552044C30A005B45BC /* LaunchScreen.storyboard */,
				44254E582044C30A005B45BC /* Info.plist */,
			);
			path = Resources;
			sourceTree = "<group>";
		};
		442CA0B22047233B00823035 /* AddRecipes */ = {
			isa = PBXGroup;
			children = (
				442CA0B32047236100823035 /* AddRecipeListTableViewController.swift */,
				449D4FEB2047492400F72651 /* AddRecipeListTVC+Extensions.swift */,
				449D4FED20474AD500F72651 /* AddRecipeDetailViewController.swift */,
			);
			path = AddRecipes;
			sourceTree = "<group>";
		};
		442CA0B520472C6A00823035 /* RecipeAPIViewControllers */ = {
			isa = PBXGroup;
			children = (
				44254E612044C7DC005B45BC /* SearchRecipesTableViewController.swift */,
				44254E632044C811005B45BC /* RecipeViewController.swift */,
				442CA0B020466A9A00823035 /* WebViewController.swift */,
			);
			path = RecipeAPIViewControllers;
			sourceTree = "<group>";
		};
		442CA0B620472D8100823035 /* RecipeAPIModelController */ = {
			isa = PBXGroup;
			children = (
				44254E672044C8FF005B45BC /* RecipeController.swift */,
			);
			path = RecipeAPIModelController;
			sourceTree = "<group>";
		};
		442CA0B720472DAB00823035 /* AddRecipeModelController */ = {
			isa = PBXGroup;
			children = (
				44C4AD3F20473A2100752CFF /* AddRecipeController.swift */,
			);
			path = AddRecipeModelController;
			sourceTree = "<group>";
		};
		442CA0B820472DC400823035 /* RecipeAPIModel */ = {
			isa = PBXGroup;
			children = (
				44254E5E2044C31D005B45BC /* Recipe.swift */,
			);
			path = RecipeAPIModel;
			sourceTree = "<group>";
		};
		442CA0B920472DDA00823035 /* AddRecipeModel */ = {
			isa = PBXGroup;
			children = (
				442CA0BA20472F7100823035 /* RecipeIdeas.xcdatamodeld */,
				44C4AD3D2047382900752CFF /* Extensions+Convenience.swift */,
				44C4AD3B204737A500752CFF /* CoreDataStack.swift */,
			);
			path = AddRecipeModel;
			sourceTree = "<group>";
		};
		44837DE8204862C10075EF62 /* HelperViewControllers */ = {
			isa = PBXGroup;
			children = (
				4440FC6A20485E2A006EBF74 /*  ShiftableViewController.swift */,
			);
			path = HelperViewControllers;
			sourceTree = "<group>";
		};
/* End PBXGroup section */

/* Begin PBXNativeTarget section */
		44254E482044C30A005B45BC /* RecipeIdeas */ = {
			isa = PBXNativeTarget;
			buildConfigurationList = 44254E5B2044C30A005B45BC /* Build configuration list for PBXNativeTarget "RecipeIdeas" */;
			buildPhases = (
				44254E452044C30A005B45BC /* Sources */,
				44254E462044C30A005B45BC /* Frameworks */,
				44254E472044C30A005B45BC /* Resources */,
			);
			buildRules = (
			);
			dependencies = (
			);
			name = RecipeIdeas;
			productName = RecipeIdeas;
			productReference = 44254E492044C30A005B45BC /* RecipeIdeas.app */;
			productType = "com.apple.product-type.application";
		};
/* End PBXNativeTarget section */

/* Begin PBXProject section */
		44254E412044C30A005B45BC /* Project object */ = {
			isa = PBXProject;
			attributes = {
				LastSwiftUpdateCheck = 0920;
				LastUpgradeCheck = 0920;
				ORGANIZATIONNAME = "Erik HARTLEY";
				TargetAttributes = {
					44254E482044C30A005B45BC = {
						CreatedOnToolsVersion = 9.2;
						ProvisioningStyle = Automatic;
					};
				};
			};
			buildConfigurationList = 44254E442044C30A005B45BC /* Build configuration list for PBXProject "RecipeIdeas" */;
			compatibilityVersion = "Xcode 8.0";
			developmentRegion = en;
			hasScannedForEncodings = 0;
			knownRegions = (
				en,
				Base,
				es,
			);
			mainGroup = 44254E402044C30A005B45BC;
			productRefGroup = 44254E4A2044C30A005B45BC /* Products */;
			projectDirPath = "";
			projectRoot = "";
			targets = (
				44254E482044C30A005B45BC /* RecipeIdeas */,
			);
		};
/* End PBXProject section */

/* Begin PBXResourcesBuildPhase section */
		44254E472044C30A005B45BC /* Resources */ = {
			isa = PBXResourcesBuildPhase;
			buildActionMask = 2147483647;
			files = (
				44254E572044C30A005B45BC /* LaunchScreen.storyboard in Resources */,
				44254E542044C30A005B45BC /* Assets.xcassets in Resources */,
				44254E522044C30A005B45BC /* Main.storyboard in Resources */,
			);
			runOnlyForDeploymentPostprocessing = 0;
		};
/* End PBXResourcesBuildPhase section */

/* Begin PBXSourcesBuildPhase section */
		44254E452044C30A005B45BC /* Sources */ = {
			isa = PBXSourcesBuildPhase;
			buildActionMask = 2147483647;
			files = (
				44254E642044C811005B45BC /* RecipeViewController.swift in Sources */,
				449D4FEC2047492400F72651 /* AddRecipeListTVC+Extensions.swift in Sources */,
				442CA0B42047236100823035 /* AddRecipeListTableViewController.swift in Sources */,
				44254E622044C7DC005B45BC /* SearchRecipesTableViewController.swift in Sources */,
				44254E5F2044C31D005B45BC /* Recipe.swift in Sources */,
				449D4FEE20474AD500F72651 /* AddRecipeDetailViewController.swift in Sources */,
				44254E6C2044CB25005B45BC /* RecipeTableViewCell.swift in Sources */,
				44C4AD3E2047382900752CFF /* Extensions+Convenience.swift in Sources */,
				44C4AD3C204737A500752CFF /* CoreDataStack.swift in Sources */,
				442CA0B120466A9A00823035 /* WebViewController.swift in Sources */,
				44254E682044C8FF005B45BC /* RecipeController.swift in Sources */,
				44C4AD4020473A2100752CFF /* AddRecipeController.swift in Sources */,
				44254E4D2044C30A005B45BC /* AppDelegate.swift in Sources */,
				442CA0BC20472F7100823035 /* RecipeIdeas.xcdatamodeld in Sources */,
				4440FC6B20485E2A006EBF74 /*  ShiftableViewController.swift in Sources */,
			);
			runOnlyForDeploymentPostprocessing = 0;
		};
/* End PBXSourcesBuildPhase section */

/* Begin PBXVariantGroup section */
		44254E502044C30A005B45BC /* Main.storyboard */ = {
			isa = PBXVariantGroup;
			children = (
				44254E512044C30A005B45BC /* Base */,
			);
			name = Main.storyboard;
			sourceTree = "<group>";
		};
		44254E552044C30A005B45BC /* LaunchScreen.storyboard */ = {
			isa = PBXVariantGroup;
			children = (
				44254E562044C30A005B45BC /* Base */,
			);
			name = LaunchScreen.storyboard;
			sourceTree = "<group>";
		};
/* End PBXVariantGroup section */

/* Begin XCBuildConfiguration section */
		44254E592044C30A005B45BC /* Debug */ = {
			isa = XCBuildConfiguration;
			buildSettings = {
				ALWAYS_SEARCH_USER_PATHS = NO;
				CLANG_ANALYZER_NONNULL = YES;
				CLANG_ANALYZER_NUMBER_OBJECT_CONVERSION = YES_AGGRESSIVE;
				CLANG_CXX_LANGUAGE_STANDARD = "gnu++14";
				CLANG_CXX_LIBRARY = "libc++";
				CLANG_ENABLE_MODULES = YES;
				CLANG_ENABLE_OBJC_ARC = YES;
				CLANG_WARN_BLOCK_CAPTURE_AUTORELEASING = YES;
				CLANG_WARN_BOOL_CONVERSION = YES;
				CLANG_WARN_COMMA = YES;
				CLANG_WARN_CONSTANT_CONVERSION = YES;
				CLANG_WARN_DIRECT_OBJC_ISA_USAGE = YES_ERROR;
				CLANG_WARN_DOCUMENTATION_COMMENTS = YES;
				CLANG_WARN_EMPTY_BODY = YES;
				CLANG_WARN_ENUM_CONVERSION = YES;
				CLANG_WARN_INFINITE_RECURSION = YES;
				CLANG_WARN_INT_CONVERSION = YES;
				CLANG_WARN_NON_LITERAL_NULL_CONVERSION = YES;
				CLANG_WARN_OBJC_LITERAL_CONVERSION = YES;
				CLANG_WARN_OBJC_ROOT_CLASS = YES_ERROR;
				CLANG_WARN_RANGE_LOOP_ANALYSIS = YES;
				CLANG_WARN_STRICT_PROTOTYPES = YES;
				CLANG_WARN_SUSPICIOUS_MOVE = YES;
				CLANG_WARN_UNGUARDED_AVAILABILITY = YES_AGGRESSIVE;
				CLANG_WARN_UNREACHABLE_CODE = YES;
				CLANG_WARN__DUPLICATE_METHOD_MATCH = YES;
				CODE_SIGN_IDENTITY = "iPhone Developer";
				COPY_PHASE_STRIP = NO;
				DEBUG_INFORMATION_FORMAT = dwarf;
				ENABLE_STRICT_OBJC_MSGSEND = YES;
				ENABLE_TESTABILITY = YES;
				GCC_C_LANGUAGE_STANDARD = gnu11;
				GCC_DYNAMIC_NO_PIC = NO;
				GCC_NO_COMMON_BLOCKS = YES;
				GCC_OPTIMIZATION_LEVEL = 0;
				GCC_PREPROCESSOR_DEFINITIONS = (
					"DEBUG=1",
					"$(inherited)",
				);
				GCC_WARN_64_TO_32_BIT_CONVERSION = YES;
				GCC_WARN_ABOUT_RETURN_TYPE = YES_ERROR;
				GCC_WARN_UNDECLARED_SELECTOR = YES;
				GCC_WARN_UNINITIALIZED_AUTOS = YES_AGGRESSIVE;
				GCC_WARN_UNUSED_FUNCTION = YES;
				GCC_WARN_UNUSED_VARIABLE = YES;
				IPHONEOS_DEPLOYMENT_TARGET = 11.2;
				MTL_ENABLE_DEBUG_INFO = YES;
				ONLY_ACTIVE_ARCH = YES;
				SDKROOT = iphoneos;
				SWIFT_ACTIVE_COMPILATION_CONDITIONS = DEBUG;
				SWIFT_OPTIMIZATION_LEVEL = "-Onone";
			};
			name = Debug;
		};
		44254E5A2044C30A005B45BC /* Release */ = {
			isa = XCBuildConfiguration;
			buildSettings = {
				ALWAYS_SEARCH_USER_PATHS = NO;
				CLANG_ANALYZER_NONNULL = YES;
				CLANG_ANALYZER_NUMBER_OBJECT_CONVERSION = YES_AGGRESSIVE;
				CLANG_CXX_LANGUAGE_STANDARD = "gnu++14";
				CLANG_CXX_LIBRARY = "libc++";
				CLANG_ENABLE_MODULES = YES;
				CLANG_ENABLE_OBJC_ARC = YES;
				CLANG_WARN_BLOCK_CAPTURE_AUTORELEASING = YES;
				CLANG_WARN_BOOL_CONVERSION = YES;
				CLANG_WARN_COMMA = YES;
				CLANG_WARN_CONSTANT_CONVERSION = YES;
				CLANG_WARN_DIRECT_OBJC_ISA_USAGE = YES_ERROR;
				CLANG_WARN_DOCUMENTATION_COMMENTS = YES;
				CLANG_WARN_EMPTY_BODY = YES;
				CLANG_WARN_ENUM_CONVERSION = YES;
				CLANG_WARN_INFINITE_RECURSION = YES;
				CLANG_WARN_INT_CONVERSION = YES;
				CLANG_WARN_NON_LITERAL_NULL_CONVERSION = YES;
				CLANG_WARN_OBJC_LITERAL_CONVERSION = YES;
				CLANG_WARN_OBJC_ROOT_CLASS = YES_ERROR;
				CLANG_WARN_RANGE_LOOP_ANALYSIS = YES;
				CLANG_WARN_STRICT_PROTOTYPES = YES;
				CLANG_WARN_SUSPICIOUS_MOVE = YES;
				CLANG_WARN_UNGUARDED_AVAILABILITY = YES_AGGRESSIVE;
				CLANG_WARN_UNREACHABLE_CODE = YES;
				CLANG_WARN__DUPLICATE_METHOD_MATCH = YES;
				CODE_SIGN_IDENTITY = "iPhone Developer";
				COPY_PHASE_STRIP = NO;
				DEBUG_INFORMATION_FORMAT = "dwarf-with-dsym";
				ENABLE_NS_ASSERTIONS = NO;
				ENABLE_STRICT_OBJC_MSGSEND = YES;
				GCC_C_LANGUAGE_STANDARD = gnu11;
				GCC_NO_COMMON_BLOCKS = YES;
				GCC_WARN_64_TO_32_BIT_CONVERSION = YES;
				GCC_WARN_ABOUT_RETURN_TYPE = YES_ERROR;
				GCC_WARN_UNDECLARED_SELECTOR = YES;
				GCC_WARN_UNINITIALIZED_AUTOS = YES_AGGRESSIVE;
				GCC_WARN_UNUSED_FUNCTION = YES;
				GCC_WARN_UNUSED_VARIABLE = YES;
				IPHONEOS_DEPLOYMENT_TARGET = 11.2;
				MTL_ENABLE_DEBUG_INFO = NO;
				SDKROOT = iphoneos;
				SWIFT_OPTIMIZATION_LEVEL = "-Owholemodule";
				VALIDATE_PRODUCT = YES;
			};
			name = Release;
		};
		44254E5C2044C30A005B45BC /* Debug */ = {
			isa = XCBuildConfiguration;
			buildSettings = {
				ASSETCATALOG_COMPILER_APPICON_NAME = AppIcon;
				CODE_SIGN_STYLE = Automatic;
				DEVELOPMENT_TEAM = B7X639V2D7;
				INFOPLIST_FILE = "$(SRCROOT)/RecipeIdeas/Resources/Info.plist";
				LD_RUNPATH_SEARCH_PATHS = "$(inherited) @executable_path/Frameworks";
				PRODUCT_BUNDLE_IDENTIFIER = erikhart1990.RecipeIdeas;
				PRODUCT_NAME = "$(TARGET_NAME)";
				SWIFT_VERSION = 4.0;
				TARGETED_DEVICE_FAMILY = "1,2";
			};
			name = Debug;
		};
		44254E5D2044C30A005B45BC /* Release */ = {
			isa = XCBuildConfiguration;
			buildSettings = {
				ASSETCATALOG_COMPILER_APPICON_NAME = AppIcon;
				CODE_SIGN_STYLE = Automatic;
				DEVELOPMENT_TEAM = B7X639V2D7;
				INFOPLIST_FILE = "$(SRCROOT)/RecipeIdeas/Resources/Info.plist";
				LD_RUNPATH_SEARCH_PATHS = "$(inherited) @executable_path/Frameworks";
				PRODUCT_BUNDLE_IDENTIFIER = erikhart1990.RecipeIdeas;
				PRODUCT_NAME = "$(TARGET_NAME)";
				SWIFT_VERSION = 4.0;
				TARGETED_DEVICE_FAMILY = "1,2";
			};
			name = Release;
		};
/* End XCBuildConfiguration section */

/* Begin XCConfigurationList section */
		44254E442044C30A005B45BC /* Build configuration list for PBXProject "RecipeIdeas" */ = {
			isa = XCConfigurationList;
			buildConfigurations = (
				44254E592044C30A005B45BC /* Debug */,
				44254E5A2044C30A005B45BC /* Release */,
			);
			defaultConfigurationIsVisible = 0;
			defaultConfigurationName = Release;
		};
		44254E5B2044C30A005B45BC /* Build configuration list for PBXNativeTarget "RecipeIdeas" */ = {
			isa = XCConfigurationList;
			buildConfigurations = (
				44254E5C2044C30A005B45BC /* Debug */,
				44254E5D2044C30A005B45BC /* Release */,
			);
			defaultConfigurationIsVisible = 0;
			defaultConfigurationName = Release;
		};
/* End XCConfigurationList section */

/* Begin XCVersionGroup section */
		442CA0BA20472F7100823035 /* RecipeIdeas.xcdatamodeld */ = {
			isa = XCVersionGroup;
			children = (
				442CA0BB20472F7100823035 /* RecipeIdeas.xcdatamodel */,
			);
			currentVersion = 442CA0BB20472F7100823035 /* RecipeIdeas.xcdatamodel */;
			path = RecipeIdeas.xcdatamodeld;
			sourceTree = "<group>";
			versionGroupType = wrapper.xcdatamodel;
		};
/* End XCVersionGroup section */
	};
	rootObject = 44254E412044C30A005B45BC /* Project object */;
}
