// !$*UTF8*$!
{
	archiveVersion = 1;
	classes = {
	};
	objectVersion = 48;
	objects = {

/* Begin PBXBuildFile section */
		44068E35208E983F008F3427 /* websitesAndIDs.json in Resources */ = {isa = PBXBuildFile; fileRef = 44068E34208E983F008F3427 /* websitesAndIDs.json */; };
		44068E5A208EEAFC008F3427 /* MarketWebsiteDictionary.swift in Sources */ = {isa = PBXBuildFile; fileRef = 44068E59208EEAFC008F3427 /* MarketWebsiteDictionary.swift */; };
		44068E5D208EEBDB008F3427 /* MarketWebsiteDictionaryController.swift in Sources */ = {isa = PBXBuildFile; fileRef = 44068E5C208EEBDB008F3427 /* MarketWebsiteDictionaryController.swift */; };
		44254E4D2044C30A005B45BC /* AppDelegate.swift in Sources */ = {isa = PBXBuildFile; fileRef = 44254E4C2044C30A005B45BC /* AppDelegate.swift */; };
		44254E522044C30A005B45BC /* Main.storyboard in Resources */ = {isa = PBXBuildFile; fileRef = 44254E502044C30A005B45BC /* Main.storyboard */; };
		44254E542044C30A005B45BC /* Assets.xcassets in Resources */ = {isa = PBXBuildFile; fileRef = 44254E532044C30A005B45BC /* Assets.xcassets */; };
		44254E572044C30A005B45BC /* LaunchScreen.storyboard in Resources */ = {isa = PBXBuildFile; fileRef = 44254E552044C30A005B45BC /* LaunchScreen.storyboard */; };
		442CA0B42047236100823035 /* AddRecipeListTableViewController.swift in Sources */ = {isa = PBXBuildFile; fileRef = 442CA0B32047236100823035 /* AddRecipeListTableViewController.swift */; };
		442CA0BC20472F7100823035 /* RecipeIdeas.xcdatamodeld in Sources */ = {isa = PBXBuildFile; fileRef = 442CA0BA20472F7100823035 /* RecipeIdeas.xcdatamodeld */; };
		443326CA20637EBF00F16885 /* CustomTextView.swift in Sources */ = {isa = PBXBuildFile; fileRef = 443326C920637EBF00F16885 /* CustomTextView.swift */; };
		443326CD206423B500F16885 /* CloudflareMobileSDK.framework in Frameworks */ = {isa = PBXBuildFile; fileRef = 443326CC206423B500F16885 /* CloudflareMobileSDK.framework */; };
		443326CF206423DC00F16885 /* SystemConfiguration.framework in Frameworks */ = {isa = PBXBuildFile; fileRef = 443326CE206423DC00F16885 /* SystemConfiguration.framework */; };
		443326D1206423E900F16885 /* CoreTelephony.framework in Frameworks */ = {isa = PBXBuildFile; fileRef = 443326D0206423E900F16885 /* CoreTelephony.framework */; };
		443326D3206423F700F16885 /* libresolv.9.tbd in Frameworks */ = {isa = PBXBuildFile; fileRef = 443326D2206423F700F16885 /* libresolv.9.tbd */; };
		443326D72064286A00F16885 /* CloudflareMobileSDK.framework in Frameworks */ = {isa = PBXBuildFile; fileRef = 443326D62064286A00F16885 /* CloudflareMobileSDK.framework */; };
		4440FC6B20485E2A006EBF74 /* ShiftableViewController.swift in Sources */ = {isa = PBXBuildFile; fileRef = 4440FC6A20485E2A006EBF74 /* ShiftableViewController.swift */; };
		444AEBF62085063800719C94 /* OnboardingViewControllers.swift in Sources */ = {isa = PBXBuildFile; fileRef = 444AEBF52085063800719C94 /* OnboardingViewControllers.swift */; };
		444AEBF8208508EF00719C94 /* FarmetPageViewController.swift in Sources */ = {isa = PBXBuildFile; fileRef = 444AEBF7208508EF00719C94 /* FarmetPageViewController.swift */; };
		444AEC19208533EB00719C94 /* SeasonalPageController.swift in Sources */ = {isa = PBXBuildFile; fileRef = 444AEC18208533EB00719C94 /* SeasonalPageController.swift */; };
		444AEC1B20853A9E00719C94 /* SeasonalViewControllers.swift in Sources */ = {isa = PBXBuildFile; fileRef = 444AEC1A20853A9E00719C94 /* SeasonalViewControllers.swift */; };
		44568B1D2085743B006FEC87 /* Bellerose.ttf in Resources */ = {isa = PBXBuildFile; fileRef = 44568B1C20857438006FEC87 /* Bellerose.ttf */; };
		44837DEE2048AC8C0075EF62 /* AddRecipeTableViewCell.swift in Sources */ = {isa = PBXBuildFile; fileRef = 44837DED2048AC8C0075EF62 /* AddRecipeTableViewCell.swift */; };
		44837E132049B28C0075EF62 /* ColorScheme.swift in Sources */ = {isa = PBXBuildFile; fileRef = 44837E122049B28C0075EF62 /* ColorScheme.swift */; };
		449D4FEC2047492400F72651 /* AddRecipeListTVC+Extensions.swift in Sources */ = {isa = PBXBuildFile; fileRef = 449D4FEB2047492400F72651 /* AddRecipeListTVC+Extensions.swift */; };
		449D4FEE20474AD500F72651 /* AddRecipeDetailViewController.swift in Sources */ = {isa = PBXBuildFile; fileRef = 449D4FED20474AD500F72651 /* AddRecipeDetailViewController.swift */; };
		44A46B98205611EE0041E812 /* FarmersMarket.swift in Sources */ = {isa = PBXBuildFile; fileRef = 44A46B97205611EE0041E812 /* FarmersMarket.swift */; };
		44A46B9B205612700041E812 /* MarketAnnotation.swift in Sources */ = {isa = PBXBuildFile; fileRef = 44A46B9A205612700041E812 /* MarketAnnotation.swift */; };
		44A46B9E205612BF0041E812 /* MarketController.swift in Sources */ = {isa = PBXBuildFile; fileRef = 44A46B9D205612BF0041E812 /* MarketController.swift */; };
		44A46BA1205613320041E812 /* MapViewController.swift in Sources */ = {isa = PBXBuildFile; fileRef = 44A46BA0205613320041E812 /* MapViewController.swift */; };
		44A46BA3205613960041E812 /* DetailViewController.swift in Sources */ = {isa = PBXBuildFile; fileRef = 44A46BA2205613960041E812 /* DetailViewController.swift */; };
		44A46BA6205719850041E812 /* CustomUIButton.swift in Sources */ = {isa = PBXBuildFile; fileRef = 44A46BA5205719850041E812 /* CustomUIButton.swift */; };
		44A46BA820576F680041E812 /* CustomUILabel.swift in Sources */ = {isa = PBXBuildFile; fileRef = 44A46BA720576F680041E812 /* CustomUILabel.swift */; };
		44C4AD3C204737A500752CFF /* CoreDataStack.swift in Sources */ = {isa = PBXBuildFile; fileRef = 44C4AD3B204737A500752CFF /* CoreDataStack.swift */; };
		44C4AD3E2047382900752CFF /* Extensions+Convenience.swift in Sources */ = {isa = PBXBuildFile; fileRef = 44C4AD3D2047382900752CFF /* Extensions+Convenience.swift */; };
		44C4AD4020473A2100752CFF /* AddRecipeController.swift in Sources */ = {isa = PBXBuildFile; fileRef = 44C4AD3F20473A2100752CFF /* AddRecipeController.swift */; };
		44CB226A20599AA200C50F7F /* CustomImage.swift in Sources */ = {isa = PBXBuildFile; fileRef = 44CB226920599AA200C50F7F /* CustomImage.swift */; };
/* End PBXBuildFile section */

/* Begin PBXFileReference section */
		44068E34208E983F008F3427 /* websitesAndIDs.json */ = {isa = PBXFileReference; fileEncoding = 4; lastKnownFileType = text.json; path = websitesAndIDs.json; sourceTree = "<group>"; };
		44068E59208EEAFC008F3427 /* MarketWebsiteDictionary.swift */ = {isa = PBXFileReference; lastKnownFileType = sourcecode.swift; path = MarketWebsiteDictionary.swift; sourceTree = "<group>"; };
		44068E5C208EEBDB008F3427 /* MarketWebsiteDictionaryController.swift */ = {isa = PBXFileReference; lastKnownFileType = sourcecode.swift; path = MarketWebsiteDictionaryController.swift; sourceTree = "<group>"; };
		44254E492044C30A005B45BC /* RecipeIdeas.app */ = {isa = PBXFileReference; explicitFileType = wrapper.application; includeInIndex = 0; path = RecipeIdeas.app; sourceTree = BUILT_PRODUCTS_DIR; };
		44254E4C2044C30A005B45BC /* AppDelegate.swift */ = {isa = PBXFileReference; lastKnownFileType = sourcecode.swift; path = AppDelegate.swift; sourceTree = "<group>"; };
		44254E512044C30A005B45BC /* Base */ = {isa = PBXFileReference; lastKnownFileType = file.storyboard; name = Base; path = Base.lproj/Main.storyboard; sourceTree = "<group>"; };
		44254E532044C30A005B45BC /* Assets.xcassets */ = {isa = PBXFileReference; lastKnownFileType = folder.assetcatalog; path = Assets.xcassets; sourceTree = "<group>"; };
		44254E562044C30A005B45BC /* Base */ = {isa = PBXFileReference; lastKnownFileType = file.storyboard; name = Base; path = Base.lproj/LaunchScreen.storyboard; sourceTree = "<group>"; };
		44254E582044C30A005B45BC /* Info.plist */ = {isa = PBXFileReference; lastKnownFileType = text.plist.xml; path = Info.plist; sourceTree = "<group>"; };
		442CA0B32047236100823035 /* AddRecipeListTableViewController.swift */ = {isa = PBXFileReference; lastKnownFileType = sourcecode.swift; path = AddRecipeListTableViewController.swift; sourceTree = "<group>"; };
		442CA0BB20472F7100823035 /* RecipeIdeas.xcdatamodel */ = {isa = PBXFileReference; lastKnownFileType = wrapper.xcdatamodel; path = RecipeIdeas.xcdatamodel; sourceTree = "<group>"; };
		443326C920637EBF00F16885 /* CustomTextView.swift */ = {isa = PBXFileReference; lastKnownFileType = sourcecode.swift; path = CustomTextView.swift; sourceTree = "<group>"; };
		443326CC206423B500F16885 /* CloudflareMobileSDK.framework */ = {isa = PBXFileReference; lastKnownFileType = wrapper.framework; name = CloudflareMobileSDK.framework; path = ../../../../Downloads/CloudflareMobileSDK.framework; sourceTree = "<group>"; };
		443326CE206423DC00F16885 /* SystemConfiguration.framework */ = {isa = PBXFileReference; lastKnownFileType = wrapper.framework; name = SystemConfiguration.framework; path = System/Library/Frameworks/SystemConfiguration.framework; sourceTree = SDKROOT; };
		443326D0206423E900F16885 /* CoreTelephony.framework */ = {isa = PBXFileReference; lastKnownFileType = wrapper.framework; name = CoreTelephony.framework; path = System/Library/Frameworks/CoreTelephony.framework; sourceTree = SDKROOT; };
		443326D2206423F700F16885 /* libresolv.9.tbd */ = {isa = PBXFileReference; lastKnownFileType = "sourcecode.text-based-dylib-definition"; name = libresolv.9.tbd; path = usr/lib/libresolv.9.tbd; sourceTree = SDKROOT; };
		443326D62064286A00F16885 /* CloudflareMobileSDK.framework */ = {isa = PBXFileReference; lastKnownFileType = wrapper.framework; path = CloudflareMobileSDK.framework; sourceTree = "<group>"; };
		443326D8206428C400F16885 /* RecipeIdeas-Bridging-Header.h */ = {isa = PBXFileReference; lastKnownFileType = sourcecode.c.h; path = "RecipeIdeas-Bridging-Header.h"; sourceTree = "<group>"; };
		4440FC6A20485E2A006EBF74 /* ShiftableViewController.swift */ = {isa = PBXFileReference; lastKnownFileType = sourcecode.swift; path = ShiftableViewController.swift; sourceTree = "<group>"; };
		444AEBF52085063800719C94 /* OnboardingViewControllers.swift */ = {isa = PBXFileReference; lastKnownFileType = sourcecode.swift; path = OnboardingViewControllers.swift; sourceTree = "<group>"; };
		444AEBF7208508EF00719C94 /* FarmetPageViewController.swift */ = {isa = PBXFileReference; lastKnownFileType = sourcecode.swift; path = FarmetPageViewController.swift; sourceTree = "<group>"; };
		444AEC18208533EB00719C94 /* SeasonalPageController.swift */ = {isa = PBXFileReference; lastKnownFileType = sourcecode.swift; path = SeasonalPageController.swift; sourceTree = "<group>"; };
		444AEC1A20853A9E00719C94 /* SeasonalViewControllers.swift */ = {isa = PBXFileReference; lastKnownFileType = sourcecode.swift; path = SeasonalViewControllers.swift; sourceTree = "<group>"; };
		44568B1C20857438006FEC87 /* Bellerose.ttf */ = {isa = PBXFileReference; lastKnownFileType = file; path = Bellerose.ttf; sourceTree = "<group>"; };
		44837DED2048AC8C0075EF62 /* AddRecipeTableViewCell.swift */ = {isa = PBXFileReference; lastKnownFileType = sourcecode.swift; name = AddRecipeTableViewCell.swift; path = RecipeIdeas/ViewControllers/RecipeAPIViewControllers/AddRecipeTableViewCell.swift; sourceTree = SOURCE_ROOT; };
		44837E122049B28C0075EF62 /* ColorScheme.swift */ = {isa = PBXFileReference; lastKnownFileType = sourcecode.swift; path = ColorScheme.swift; sourceTree = "<group>"; };
		449D4FEB2047492400F72651 /* AddRecipeListTVC+Extensions.swift */ = {isa = PBXFileReference; lastKnownFileType = sourcecode.swift; path = "AddRecipeListTVC+Extensions.swift"; sourceTree = "<group>"; };
		449D4FED20474AD500F72651 /* AddRecipeDetailViewController.swift */ = {isa = PBXFileReference; lastKnownFileType = sourcecode.swift; path = AddRecipeDetailViewController.swift; sourceTree = "<group>"; };
		44A46B97205611EE0041E812 /* FarmersMarket.swift */ = {isa = PBXFileReference; lastKnownFileType = sourcecode.swift; path = FarmersMarket.swift; sourceTree = "<group>"; };
		44A46B9A205612700041E812 /* MarketAnnotation.swift */ = {isa = PBXFileReference; lastKnownFileType = sourcecode.swift; path = MarketAnnotation.swift; sourceTree = "<group>"; };
		44A46B9D205612BF0041E812 /* MarketController.swift */ = {isa = PBXFileReference; lastKnownFileType = sourcecode.swift; path = MarketController.swift; sourceTree = "<group>"; };
		44A46BA0205613320041E812 /* MapViewController.swift */ = {isa = PBXFileReference; lastKnownFileType = sourcecode.swift; path = MapViewController.swift; sourceTree = "<group>"; };
		44A46BA2205613960041E812 /* DetailViewController.swift */ = {isa = PBXFileReference; lastKnownFileType = sourcecode.swift; path = DetailViewController.swift; sourceTree = "<group>"; };
		44A46BA5205719850041E812 /* CustomUIButton.swift */ = {isa = PBXFileReference; lastKnownFileType = sourcecode.swift; path = CustomUIButton.swift; sourceTree = "<group>"; };
		44A46BA720576F680041E812 /* CustomUILabel.swift */ = {isa = PBXFileReference; lastKnownFileType = sourcecode.swift; path = CustomUILabel.swift; sourceTree = "<group>"; };
		44C4AD3B204737A500752CFF /* CoreDataStack.swift */ = {isa = PBXFileReference; lastKnownFileType = sourcecode.swift; path = CoreDataStack.swift; sourceTree = "<group>"; };
		44C4AD3D2047382900752CFF /* Extensions+Convenience.swift */ = {isa = PBXFileReference; lastKnownFileType = sourcecode.swift; path = "Extensions+Convenience.swift"; sourceTree = "<group>"; };
		44C4AD3F20473A2100752CFF /* AddRecipeController.swift */ = {isa = PBXFileReference; lastKnownFileType = sourcecode.swift; path = AddRecipeController.swift; sourceTree = "<group>"; };
		44CB226920599AA200C50F7F /* CustomImage.swift */ = {isa = PBXFileReference; lastKnownFileType = sourcecode.swift; path = CustomImage.swift; sourceTree = "<group>"; };
/* End PBXFileReference section */

/* Begin PBXFrameworksBuildPhase section */
		44254E462044C30A005B45BC /* Frameworks */ = {
			isa = PBXFrameworksBuildPhase;
			buildActionMask = 2147483647;
			files = (
				443326D3206423F700F16885 /* libresolv.9.tbd in Frameworks */,
				443326D1206423E900F16885 /* CoreTelephony.framework in Frameworks */,
				443326CF206423DC00F16885 /* SystemConfiguration.framework in Frameworks */,
				443326CD206423B500F16885 /* CloudflareMobileSDK.framework in Frameworks */,
				443326D72064286A00F16885 /* CloudflareMobileSDK.framework in Frameworks */,
			);
			runOnlyForDeploymentPostprocessing = 0;
		};
/* End PBXFrameworksBuildPhase section */

/* Begin PBXGroup section */
		44068E58208EEA8A008F3427 /* FarmersMarketWebsiteJSONModel */ = {
			isa = PBXGroup;
			children = (
				44068E59208EEAFC008F3427 /* MarketWebsiteDictionary.swift */,
			);
			path = FarmersMarketWebsiteJSONModel;
			sourceTree = "<group>";
		};
		44068E5B208EEBB4008F3427 /* FarmersMarketWebsiteJSONModelController */ = {
			isa = PBXGroup;
			children = (
				44068E5C208EEBDB008F3427 /* MarketWebsiteDictionaryController.swift */,
			);
			path = FarmersMarketWebsiteJSONModelController;
			sourceTree = "<group>";
		};
		44254E402044C30A005B45BC = {
			isa = PBXGroup;
			children = (
				443326D62064286A00F16885 /* CloudflareMobileSDK.framework */,
				44254E4B2044C30A005B45BC /* RecipeIdeas */,
				44254E4A2044C30A005B45BC /* Products */,
				443326CB206423B500F16885 /* Frameworks */,
			);
			sourceTree = "<group>";
		};
		44254E4A2044C30A005B45BC /* Products */ = {
			isa = PBXGroup;
			children = (
				44254E492044C30A005B45BC /* RecipeIdeas.app */,
			);
			name = Products;
			sourceTree = "<group>";
		};
		44254E4B2044C30A005B45BC /* RecipeIdeas */ = {
			isa = PBXGroup;
			children = (
				44254E4C2044C30A005B45BC /* AppDelegate.swift */,
				44568B1B20857403006FEC87 /* Fonts */,
				44837E112049B2640075EF62 /* ColorScheme */,
				44254E502044C30A005B45BC /* Main.storyboard */,
				44254E602044C7A7005B45BC /* Models */,
				44254E662044C8D5005B45BC /* ModelControllers */,
				44254E652044C8C0005B45BC /* ViewControllers */,
				44837DEC2048AC0D0075EF62 /* Views */,
				44254E6E2044CB4E005B45BC /* Resources */,
				443326D8206428C400F16885 /* RecipeIdeas-Bridging-Header.h */,
			);
			path = RecipeIdeas;
			sourceTree = "<group>";
		};
		44254E602044C7A7005B45BC /* Models */ = {
			isa = PBXGroup;
			children = (
				44068E58208EEA8A008F3427 /* FarmersMarketWebsiteJSONModel */,
				442CA0B920472DDA00823035 /* AddRecipeModel */,
				44A46B992056123C0041E812 /* FarmersMarketAPIModel */,
			);
			path = Models;
			sourceTree = "<group>";
		};
		44254E652044C8C0005B45BC /* ViewControllers */ = {
			isa = PBXGroup;
			children = (
				44837DE8204862C10075EF62 /* HelperViewControllers */,
				444AEC17208533A000719C94 /* SeasonalRecipe+ProduceViewControllers */,
				442CA0B22047233B00823035 /* AddRecipes */,
				44282CE42053111A001D6800 /* MainViewController */,
				44A46B9F205612ED0041E812 /* FarmersMarketAPIViewControllers */,
			);
			path = ViewControllers;
			sourceTree = "<group>";
		};
		44254E662044C8D5005B45BC /* ModelControllers */ = {
			isa = PBXGroup;
			children = (
				44068E5B208EEBB4008F3427 /* FarmersMarketWebsiteJSONModelController */,
				442CA0B720472DAB00823035 /* AddRecipeModelController */,
				44A46B9C2056128E0041E812 /* FarmersMarketAPIModelController */,
			);
			path = ModelControllers;
			sourceTree = "<group>";
		};
		44254E6D2044CB2C005B45BC /* AddRecipeCell */ = {
			isa = PBXGroup;
			children = (
				44837DED2048AC8C0075EF62 /* AddRecipeTableViewCell.swift */,
			);
			path = AddRecipeCell;
			sourceTree = "<group>";
		};
		44254E6E2044CB4E005B45BC /* Resources */ = {
			isa = PBXGroup;
			children = (
				44254E532044C30A005B45BC /* Assets.xcassets */,
				44254E552044C30A005B45BC /* LaunchScreen.storyboard */,
				44068E34208E983F008F3427 /* websitesAndIDs.json */,
				44254E582044C30A005B45BC /* Info.plist */,
			);
			path = Resources;
			sourceTree = "<group>";
		};
		44282CE42053111A001D6800 /* MainViewController */ = {
			isa = PBXGroup;
			children = (
				444AEBF7208508EF00719C94 /* FarmetPageViewController.swift */,
				444AEBF52085063800719C94 /* OnboardingViewControllers.swift */,
			);
			path = MainViewController;
			sourceTree = "<group>";
		};
		442CA0B22047233B00823035 /* AddRecipes */ = {
			isa = PBXGroup;
			children = (
				442CA0B32047236100823035 /* AddRecipeListTableViewController.swift */,
				449D4FEB2047492400F72651 /* AddRecipeListTVC+Extensions.swift */,
				449D4FED20474AD500F72651 /* AddRecipeDetailViewController.swift */,
			);
			path = AddRecipes;
			sourceTree = "<group>";
		};
		442CA0B720472DAB00823035 /* AddRecipeModelController */ = {
			isa = PBXGroup;
			children = (
				44C4AD3F20473A2100752CFF /* AddRecipeController.swift */,
			);
			path = AddRecipeModelController;
			sourceTree = "<group>";
		};
		442CA0B920472DDA00823035 /* AddRecipeModel */ = {
			isa = PBXGroup;
			children = (
				442CA0BA20472F7100823035 /* RecipeIdeas.xcdatamodeld */,
				44C4AD3D2047382900752CFF /* Extensions+Convenience.swift */,
				44C4AD3B204737A500752CFF /* CoreDataStack.swift */,
			);
			path = AddRecipeModel;
			sourceTree = "<group>";
		};
		443326CB206423B500F16885 /* Frameworks */ = {
			isa = PBXGroup;
			children = (
				443326D2206423F700F16885 /* libresolv.9.tbd */,
				443326D0206423E900F16885 /* CoreTelephony.framework */,
				443326CE206423DC00F16885 /* SystemConfiguration.framework */,
				443326CC206423B500F16885 /* CloudflareMobileSDK.framework */,
			);
			name = Frameworks;
			sourceTree = "<group>";
		};
		444AEC17208533A000719C94 /* SeasonalRecipe+ProduceViewControllers */ = {
			isa = PBXGroup;
			children = (
				444AEC18208533EB00719C94 /* SeasonalPageController.swift */,
				444AEC1A20853A9E00719C94 /* SeasonalViewControllers.swift */,
			);
			path = "SeasonalRecipe+ProduceViewControllers";
			sourceTree = "<group>";
		};
		44568B1B20857403006FEC87 /* Fonts */ = {
			isa = PBXGroup;
			children = (
				44568B1C20857438006FEC87 /* Bellerose.ttf */,
			);
			path = Fonts;
			sourceTree = "<group>";
		};
		44837DE8204862C10075EF62 /* HelperViewControllers */ = {
			isa = PBXGroup;
			children = (
				4440FC6A20485E2A006EBF74 /* ShiftableViewController.swift */,
			);
			path = HelperViewControllers;
			sourceTree = "<group>";
		};
		44837DEC2048AC0D0075EF62 /* Views */ = {
			isa = PBXGroup;
			children = (
				44A46BA42057195B0041E812 /* HelperLabels */,
				44254E6D2044CB2C005B45BC /* AddRecipeCell */,
			);
			path = Views;
			sourceTree = "<group>";
		};
		44837E112049B2640075EF62 /* ColorScheme */ = {
			isa = PBXGroup;
			children = (
				44837E122049B28C0075EF62 /* ColorScheme.swift */,
			);
			path = ColorScheme;
			sourceTree = "<group>";
		};
		44A46B992056123C0041E812 /* FarmersMarketAPIModel */ = {
			isa = PBXGroup;
			children = (
				44A46B97205611EE0041E812 /* FarmersMarket.swift */,
				44A46B9A205612700041E812 /* MarketAnnotation.swift */,
			);
			path = FarmersMarketAPIModel;
			sourceTree = "<group>";
		};
		44A46B9C2056128E0041E812 /* FarmersMarketAPIModelController */ = {
			isa = PBXGroup;
			children = (
				44A46B9D205612BF0041E812 /* MarketController.swift */,
			);
			path = FarmersMarketAPIModelController;
			sourceTree = "<group>";
		};
		44A46B9F205612ED0041E812 /* FarmersMarketAPIViewControllers */ = {
			isa = PBXGroup;
			children = (
				44A46BA0205613320041E812 /* MapViewController.swift */,
				44A46BA2205613960041E812 /* DetailViewController.swift */,
			);
			path = FarmersMarketAPIViewControllers;
			sourceTree = "<group>";
		};
		44A46BA42057195B0041E812 /* HelperLabels */ = {
			isa = PBXGroup;
			children = (
				44CB226920599AA200C50F7F /* CustomImage.swift */,
				443326C920637EBF00F16885 /* CustomTextView.swift */,
				44A46BA5205719850041E812 /* CustomUIButton.swift */,
				44A46BA720576F680041E812 /* CustomUILabel.swift */,
			);
			path = HelperLabels;
			sourceTree = "<group>";
		};
/* End PBXGroup section */

/* Begin PBXNativeTarget section */
		44254E482044C30A005B45BC /* RecipeIdeas */ = {
			isa = PBXNativeTarget;
			buildConfigurationList = 44254E5B2044C30A005B45BC /* Build configuration list for PBXNativeTarget "RecipeIdeas" */;
			buildPhases = (
				44254E452044C30A005B45BC /* Sources */,
				44254E462044C30A005B45BC /* Frameworks */,
				44254E472044C30A005B45BC /* Resources */,
			);
			buildRules = (
			);
			dependencies = (
			);
			name = RecipeIdeas;
			productName = RecipeIdeas;
			productReference = 44254E492044C30A005B45BC /* RecipeIdeas.app */;
			productType = "com.apple.product-type.application";
		};
/* End PBXNativeTarget section */

/* Begin PBXProject section */
		44254E412044C30A005B45BC /* Project object */ = {
			isa = PBXProject;
			attributes = {
				LastSwiftUpdateCheck = 0920;
				LastUpgradeCheck = 0930;
				ORGANIZATIONNAME = "Erik HARTLEY";
				TargetAttributes = {
					44254E482044C30A005B45BC = {
						CreatedOnToolsVersion = 9.2;
						LastSwiftMigration = 0920;
						ProvisioningStyle = Automatic;
					};
				};
			};
			buildConfigurationList = 44254E442044C30A005B45BC /* Build configuration list for PBXProject "RecipeIdeas" */;
			compatibilityVersion = "Xcode 8.0";
			developmentRegion = en;
			hasScannedForEncodings = 0;
			knownRegions = (
				en,
				Base,
				es,
			);
			mainGroup = 44254E402044C30A005B45BC;
			productRefGroup = 44254E4A2044C30A005B45BC /* Products */;
			projectDirPath = "";
			projectRoot = "";
			targets = (
				44254E482044C30A005B45BC /* RecipeIdeas */,
			);
		};
/* End PBXProject section */

/* Begin PBXResourcesBuildPhase section */
		44254E472044C30A005B45BC /* Resources */ = {
			isa = PBXResourcesBuildPhase;
			buildActionMask = 2147483647;
			files = (
				44068E35208E983F008F3427 /* websitesAndIDs.json in Resources */,
				44254E572044C30A005B45BC /* LaunchScreen.storyboard in Resources */,
				44254E542044C30A005B45BC /* Assets.xcassets in Resources */,
				44568B1D2085743B006FEC87 /* Bellerose.ttf in Resources */,
				44254E522044C30A005B45BC /* Main.storyboard in Resources */,
			);
			runOnlyForDeploymentPostprocessing = 0;
		};
/* End PBXResourcesBuildPhase section */

/* Begin PBXSourcesBuildPhase section */
		44254E452044C30A005B45BC /* Sources */ = {
			isa = PBXSourcesBuildPhase;
			buildActionMask = 2147483647;
			files = (
				44837DEE2048AC8C0075EF62 /* AddRecipeTableViewCell.swift in Sources */,
				449D4FEC2047492400F72651 /* AddRecipeListTVC+Extensions.swift in Sources */,
				44A46BA820576F680041E812 /* CustomUILabel.swift in Sources */,
				444AEBF8208508EF00719C94 /* FarmetPageViewController.swift in Sources */,
				44A46B9E205612BF0041E812 /* MarketController.swift in Sources */,
				444AEC19208533EB00719C94 /* SeasonalPageController.swift in Sources */,
				442CA0B42047236100823035 /* AddRecipeListTableViewController.swift in Sources */,
				44A46BA1205613320041E812 /* MapViewController.swift in Sources */,
				444AEBF62085063800719C94 /* OnboardingViewControllers.swift in Sources */,
				44068E5D208EEBDB008F3427 /* MarketWebsiteDictionaryController.swift in Sources */,
				44A46B98205611EE0041E812 /* FarmersMarket.swift in Sources */,
				449D4FEE20474AD500F72651 /* AddRecipeDetailViewController.swift in Sources */,
				44CB226A20599AA200C50F7F /* CustomImage.swift in Sources */,
				44068E5A208EEAFC008F3427 /* MarketWebsiteDictionary.swift in Sources */,
				44C4AD3E2047382900752CFF /* Extensions+Convenience.swift in Sources */,
				44C4AD3C204737A500752CFF /* CoreDataStack.swift in Sources */,
				44837E132049B28C0075EF62 /* ColorScheme.swift in Sources */,
				443326CA20637EBF00F16885 /* CustomTextView.swift in Sources */,
				44A46BA6205719850041E812 /* CustomUIButton.swift in Sources */,
				444AEC1B20853A9E00719C94 /* SeasonalViewControllers.swift in Sources */,
				44C4AD4020473A2100752CFF /* AddRecipeController.swift in Sources */,
				44A46BA3205613960041E812 /* DetailViewController.swift in Sources */,
				44254E4D2044C30A005B45BC /* AppDelegate.swift in Sources */,
				44A46B9B205612700041E812 /* MarketAnnotation.swift in Sources */,
				442CA0BC20472F7100823035 /* RecipeIdeas.xcdatamodeld in Sources */,
				4440FC6B20485E2A006EBF74 /* ShiftableViewController.swift in Sources */,
			);
			runOnlyForDeploymentPostprocessing = 0;
		};
/* End PBXSourcesBuildPhase section */

/* Begin PBXVariantGroup section */
		44254E502044C30A005B45BC /* Main.storyboard */ = {
			isa = PBXVariantGroup;
			children = (
				44254E512044C30A005B45BC /* Base */,
			);
			name = Main.storyboard;
			sourceTree = "<group>";
		};
		44254E552044C30A005B45BC /* LaunchScreen.storyboard */ = {
			isa = PBXVariantGroup;
			children = (
				44254E562044C30A005B45BC /* Base */,
			);
			name = LaunchScreen.storyboard;
			sourceTree = "<group>";
		};
/* End PBXVariantGroup section */

/* Begin XCBuildConfiguration section */
		44254E592044C30A005B45BC /* Debug */ = {
			isa = XCBuildConfiguration;
			buildSettings = {
				ALWAYS_SEARCH_USER_PATHS = NO;
				CLANG_ANALYZER_LOCALIZABILITY_NONLOCALIZED = YES;
				CLANG_ANALYZER_NONNULL = YES;
				CLANG_ANALYZER_NUMBER_OBJECT_CONVERSION = YES_AGGRESSIVE;
				CLANG_CXX_LANGUAGE_STANDARD = "gnu++14";
				CLANG_CXX_LIBRARY = "libc++";
				CLANG_ENABLE_MODULES = YES;
				CLANG_ENABLE_OBJC_ARC = YES;
				CLANG_WARN_BLOCK_CAPTURE_AUTORELEASING = YES;
				CLANG_WARN_BOOL_CONVERSION = YES;
				CLANG_WARN_COMMA = YES;
				CLANG_WARN_CONSTANT_CONVERSION = YES;
				CLANG_WARN_DEPRECATED_OBJC_IMPLEMENTATIONS = YES;
				CLANG_WARN_DIRECT_OBJC_ISA_USAGE = YES_ERROR;
				CLANG_WARN_DOCUMENTATION_COMMENTS = YES;
				CLANG_WARN_EMPTY_BODY = YES;
				CLANG_WARN_ENUM_CONVERSION = YES;
				CLANG_WARN_INFINITE_RECURSION = YES;
				CLANG_WARN_INT_CONVERSION = YES;
				CLANG_WARN_NON_LITERAL_NULL_CONVERSION = YES;
				CLANG_WARN_OBJC_IMPLICIT_RETAIN_SELF = YES;
				CLANG_WARN_OBJC_LITERAL_CONVERSION = YES;
				CLANG_WARN_OBJC_ROOT_CLASS = YES_ERROR;
				CLANG_WARN_RANGE_LOOP_ANALYSIS = YES;
				CLANG_WARN_STRICT_PROTOTYPES = YES;
				CLANG_WARN_SUSPICIOUS_MOVE = YES;
				CLANG_WARN_UNGUARDED_AVAILABILITY = YES_AGGRESSIVE;
				CLANG_WARN_UNREACHABLE_CODE = YES;
				CLANG_WARN__DUPLICATE_METHOD_MATCH = YES;
				CODE_SIGN_IDENTITY = "iPhone Developer";
				COPY_PHASE_STRIP = NO;
				DEBUG_INFORMATION_FORMAT = dwarf;
				ENABLE_STRICT_OBJC_MSGSEND = YES;
				ENABLE_TESTABILITY = YES;
				GCC_C_LANGUAGE_STANDARD = gnu11;
				GCC_DYNAMIC_NO_PIC = NO;
				GCC_NO_COMMON_BLOCKS = YES;
				GCC_OPTIMIZATION_LEVEL = 0;
				GCC_PREPROCESSOR_DEFINITIONS = (
					"DEBUG=1",
					"$(inherited)",
				);
				GCC_WARN_64_TO_32_BIT_CONVERSION = YES;
				GCC_WARN_ABOUT_RETURN_TYPE = YES_ERROR;
				GCC_WARN_UNDECLARED_SELECTOR = YES;
				GCC_WARN_UNINITIALIZED_AUTOS = YES_AGGRESSIVE;
				GCC_WARN_UNUSED_FUNCTION = YES;
				GCC_WARN_UNUSED_VARIABLE = YES;
				IPHONEOS_DEPLOYMENT_TARGET = 11.3;
				MTL_ENABLE_DEBUG_INFO = YES;
				ONLY_ACTIVE_ARCH = YES;
				SDKROOT = iphoneos;
				SWIFT_ACTIVE_COMPILATION_CONDITIONS = DEBUG;
				SWIFT_OPTIMIZATION_LEVEL = "-Onone";
			};
			name = Debug;
		};
		44254E5A2044C30A005B45BC /* Release */ = {
			isa = XCBuildConfiguration;
			buildSettings = {
				ALWAYS_SEARCH_USER_PATHS = NO;
				CLANG_ANALYZER_LOCALIZABILITY_NONLOCALIZED = YES;
				CLANG_ANALYZER_NONNULL = YES;
				CLANG_ANALYZER_NUMBER_OBJECT_CONVERSION = YES_AGGRESSIVE;
				CLANG_CXX_LANGUAGE_STANDARD = "gnu++14";
				CLANG_CXX_LIBRARY = "libc++";
				CLANG_ENABLE_MODULES = YES;
				CLANG_ENABLE_OBJC_ARC = YES;
				CLANG_WARN_BLOCK_CAPTURE_AUTORELEASING = YES;
				CLANG_WARN_BOOL_CONVERSION = YES;
				CLANG_WARN_COMMA = YES;
				CLANG_WARN_CONSTANT_CONVERSION = YES;
				CLANG_WARN_DEPRECATED_OBJC_IMPLEMENTATIONS = YES;
				CLANG_WARN_DIRECT_OBJC_ISA_USAGE = YES_ERROR;
				CLANG_WARN_DOCUMENTATION_COMMENTS = YES;
				CLANG_WARN_EMPTY_BODY = YES;
				CLANG_WARN_ENUM_CONVERSION = YES;
				CLANG_WARN_INFINITE_RECURSION = YES;
				CLANG_WARN_INT_CONVERSION = YES;
				CLANG_WARN_NON_LITERAL_NULL_CONVERSION = YES;
				CLANG_WARN_OBJC_IMPLICIT_RETAIN_SELF = YES;
				CLANG_WARN_OBJC_LITERAL_CONVERSION = YES;
				CLANG_WARN_OBJC_ROOT_CLASS = YES_ERROR;
				CLANG_WARN_RANGE_LOOP_ANALYSIS = YES;
				CLANG_WARN_STRICT_PROTOTYPES = YES;
				CLANG_WARN_SUSPICIOUS_MOVE = YES;
				CLANG_WARN_UNGUARDED_AVAILABILITY = YES_AGGRESSIVE;
				CLANG_WARN_UNREACHABLE_CODE = YES;
				CLANG_WARN__DUPLICATE_METHOD_MATCH = YES;
				CODE_SIGN_IDENTITY = "iPhone Developer";
				COPY_PHASE_STRIP = NO;
				DEBUG_INFORMATION_FORMAT = "dwarf-with-dsym";
				ENABLE_NS_ASSERTIONS = NO;
				ENABLE_STRICT_OBJC_MSGSEND = YES;
				GCC_C_LANGUAGE_STANDARD = gnu11;
				GCC_NO_COMMON_BLOCKS = YES;
				GCC_WARN_64_TO_32_BIT_CONVERSION = YES;
				GCC_WARN_ABOUT_RETURN_TYPE = YES_ERROR;
				GCC_WARN_UNDECLARED_SELECTOR = YES;
				GCC_WARN_UNINITIALIZED_AUTOS = YES_AGGRESSIVE;
				GCC_WARN_UNUSED_FUNCTION = YES;
				GCC_WARN_UNUSED_VARIABLE = YES;
				IPHONEOS_DEPLOYMENT_TARGET = 11.3;
				MTL_ENABLE_DEBUG_INFO = NO;
				SDKROOT = iphoneos;
				SWIFT_OPTIMIZATION_LEVEL = "-Owholemodule";
				VALIDATE_PRODUCT = YES;
			};
			name = Release;
		};
		44254E5C2044C30A005B45BC /* Debug */ = {
			isa = XCBuildConfiguration;
			buildSettings = {
				ASSETCATALOG_COMPILER_APPICON_NAME = AppIcon;
				CLANG_ENABLE_MODULES = YES;
				CODE_SIGN_STYLE = Automatic;
				DEVELOPMENT_TEAM = B7X639V2D7;
				FRAMEWORK_SEARCH_PATHS = (
					"$(inherited)",
					"$(PROJECT_DIR)",
				);
				INFOPLIST_FILE = "$(SRCROOT)/RecipeIdeas/Resources/Info.plist";
				LD_RUNPATH_SEARCH_PATHS = "$(inherited) @executable_path/Frameworks";
				PRODUCT_BUNDLE_IDENTIFIER = erikhart1990.RecipeIdeas;
				PRODUCT_NAME = "$(TARGET_NAME)";
				SWIFT_OBJC_BRIDGING_HEADER = "RecipeIdeas/RecipeIdeas-Bridging-Header.h";
				SWIFT_OPTIMIZATION_LEVEL = "-Onone";
				SWIFT_VERSION = 4.0;
				TARGETED_DEVICE_FAMILY = 1;
			};
			name = Debug;
		};
		44254E5D2044C30A005B45BC /* Release */ = {
			isa = XCBuildConfiguration;
			buildSettings = {
				ASSETCATALOG_COMPILER_APPICON_NAME = AppIcon;
				CLANG_ENABLE_MODULES = YES;
				CODE_SIGN_STYLE = Automatic;
				DEVELOPMENT_TEAM = B7X639V2D7;
				FRAMEWORK_SEARCH_PATHS = (
					"$(inherited)",
					"$(PROJECT_DIR)",
				);
				INFOPLIST_FILE = "$(SRCROOT)/RecipeIdeas/Resources/Info.plist";
				LD_RUNPATH_SEARCH_PATHS = "$(inherited) @executable_path/Frameworks";
				PRODUCT_BUNDLE_IDENTIFIER = erikhart1990.RecipeIdeas;
				PRODUCT_NAME = "$(TARGET_NAME)";
				SWIFT_OBJC_BRIDGING_HEADER = "RecipeIdeas/RecipeIdeas-Bridging-Header.h";
				SWIFT_VERSION = 4.0;
				TARGETED_DEVICE_FAMILY = 1;
			};
			name = Release;
		};
/* End XCBuildConfiguration section */

/* Begin XCConfigurationList section */
		44254E442044C30A005B45BC /* Build configuration list for PBXProject "RecipeIdeas" */ = {
			isa = XCConfigurationList;
			buildConfigurations = (
				44254E592044C30A005B45BC /* Debug */,
				44254E5A2044C30A005B45BC /* Release */,
			);
			defaultConfigurationIsVisible = 0;
			defaultConfigurationName = Release;
		};
		44254E5B2044C30A005B45BC /* Build configuration list for PBXNativeTarget "RecipeIdeas" */ = {
			isa = XCConfigurationList;
			buildConfigurations = (
				44254E5C2044C30A005B45BC /* Debug */,
				44254E5D2044C30A005B45BC /* Release */,
			);
			defaultConfigurationIsVisible = 0;
			defaultConfigurationName = Release;
		};
/* End XCConfigurationList section */

/* Begin XCVersionGroup section */
		442CA0BA20472F7100823035 /* RecipeIdeas.xcdatamodeld */ = {
			isa = XCVersionGroup;
			children = (
				442CA0BB20472F7100823035 /* RecipeIdeas.xcdatamodel */,
			);
			currentVersion = 442CA0BB20472F7100823035 /* RecipeIdeas.xcdatamodel */;
			path = RecipeIdeas.xcdatamodeld;
			sourceTree = "<group>";
			versionGroupType = wrapper.xcdatamodel;
		};
/* End XCVersionGroup section */
	};
	rootObject = 44254E412044C30A005B45BC /* Project object */;
}
